
Microsoft Visual Studio Solution File, Format Version 12.00
# Visual Studio Version 17
VisualStudioVersion = 17.8.34330.188
MinimumVisualStudioVersion = 10.0.40219.1
Project("{FAE04EC0-301F-11D3-BF4B-00C04F79EFBC}") = "caseman.user.api", "caseman.user.api\caseman.user.api.csproj", "{16DDC74E-A229-4599-A16B-4BA38CE6B83B}"
EndProject
Project("{2150E333-8FDC-42A3-9474-1A3956D46DE8}") = "user.api", "user.api", "{DFE9481D-A28A-484B-A339-F2A547263C6A}"
EndProject
Project("{FAE04EC0-301F-11D3-BF4B-00C04F79EFBC}") = "core", "core\core.csproj", "{F9FDA70F-ABD8-46C1-B724-B39FA297A0D8}"
EndProject
Project("{FAE04EC0-301F-11D3-BF4B-00C04F79EFBC}") = "infrastructure", "infrastructure\infrastructure.csproj", "{0AA58DBE-3D22-40F2-B63F-39310413C7B2}"
EndProject
Project("{2150E333-8FDC-42A3-9474-1A3956D46DE8}") = "role.api", "role.api", "{B42FC29C-F706-422A-BD62-5EAC6F274D47}"
EndProject
Global
	GlobalSection(SolutionConfigurationPlatforms) = preSolution
		Debug|Any CPU = Debug|Any CPU
		Release|Any CPU = Release|Any CPU
	EndGlobalSection
	GlobalSection(ProjectConfigurationPlatforms) = postSolution
		{16DDC74E-A229-4599-A16B-4BA38CE6B83B}.Debug|Any CPU.ActiveCfg = Debug|Any CPU
		{16DDC74E-A229-4599-A16B-4BA38CE6B83B}.Debug|Any CPU.Build.0 = Debug|Any CPU
		{16DDC74E-A229-4599-A16B-4BA38CE6B83B}.Release|Any CPU.ActiveCfg = Release|Any CPU
		{16DDC74E-A229-4599-A16B-4BA38CE6B83B}.Release|Any CPU.Build.0 = Release|Any CPU
		{F9FDA70F-ABD8-46C1-B724-B39FA297A0D8}.Debug|Any CPU.ActiveCfg = Debug|Any CPU
		{F9FDA70F-ABD8-46C1-B724-B39FA297A0D8}.Debug|Any CPU.Build.0 = Debug|Any CPU
		{F9FDA70F-ABD8-46C1-B724-B39FA297A0D8}.Release|Any CPU.ActiveCfg = Release|Any CPU
		{F9FDA70F-ABD8-46C1-B724-B39FA297A0D8}.Release|Any CPU.Build.0 = Release|Any CPU
		{0AA58DBE-3D22-40F2-B63F-39310413C7B2}.Debug|Any CPU.ActiveCfg = Debug|Any CPU
		{0AA58DBE-3D22-40F2-B63F-39310413C7B2}.Debug|Any CPU.Build.0 = Debug|Any CPU
		{0AA58DBE-3D22-40F2-B63F-39310413C7B2}.Release|Any CPU.ActiveCfg = Release|Any CPU
		{0AA58DBE-3D22-40F2-B63F-39310413C7B2}.Release|Any CPU.Build.0 = Release|Any CPU
	EndGlobalSection
	GlobalSection(SolutionProperties) = preSolution
		HideSolutionNode = FALSE
	EndGlobalSection
	GlobalSection(NestedProjects) = preSolution
		{16DDC74E-A229-4599-A16B-4BA38CE6B83B} = {DFE9481D-A28A-484B-A339-F2A547263C6A}
		{F9FDA70F-ABD8-46C1-B724-B39FA297A0D8} = {DFE9481D-A28A-484B-A339-F2A547263C6A}
		{0AA58DBE-3D22-40F2-B63F-39310413C7B2} = {DFE9481D-A28A-484B-A339-F2A547263C6A}
	EndGlobalSection
	GlobalSection(ExtensibilityGlobals) = postSolution
		SolutionGuid = {9D361A99-DBC2-4410-9F68-C53535A8BB16}
	EndGlobalSection
EndGlobal
