
Microsoft Visual Studio Solution File, Format Version 12.00
# Visual Studio Version 17
VisualStudioVersion = 17.8.34330.188
MinimumVisualStudioVersion = 10.0.40219.1
Project("{9A19103F-16F7-4668-BE54-9A1E7A4F7556}") = "caseman.user.api", "caseman.user.api\caseman.user.api\caseman.user.api\caseman.user.api.csproj", "{16DDC74E-A229-4599-A16B-4BA38CE6B83B}"
EndProject
Project("{2150E333-8FDC-42A3-9474-1A3956D46DE8}") = "user.api", "user.api", "{DFE9481D-A28A-484B-A339-F2A547263C6A}"
	ProjectSection(SolutionItems) = preProject
		caseman.user.api\caseman.user.api\Dockerfile = caseman.user.api\caseman.user.api\Dockerfile
	EndProjectSection
EndProject
Project("{9A19103F-16F7-4668-BE54-9A1E7A4F7556}") = "core", "caseman.user.api\caseman.user.api\core\core.csproj", "{F9FDA70F-ABD8-46C1-B724-B39FA297A0D8}"
EndProject
Project("{9A19103F-16F7-4668-BE54-9A1E7A4F7556}") = "infrastructure", "caseman.user.api\caseman.user.api\infrastructure\infrastructure.csproj", "{0AA58DBE-3D22-40F2-B63F-39310413C7B2}"
EndProject
Project("{2150E333-8FDC-42A3-9474-1A3956D46DE8}") = "role.api", "role.api", "{B42FC29C-F706-422A-BD62-5EAC6F274D47}"
EndProject
Project("{9A19103F-16F7-4668-BE54-9A1E7A4F7556}") = "caseman.role.api", "caseman.role.api\caseman.role.api\caseman.role.api.csproj", "{C6E5E8E2-0B0D-459C-BCE4-24ABC2861595}"
EndProject
Project("{9A19103F-16F7-4668-BE54-9A1E7A4F7556}") = "core", "caseman.role.api\core\core.csproj", "{F5C5D043-A7DA-480E-A55D-2FDEC871851A}"
EndProject
Project("{9A19103F-16F7-4668-BE54-9A1E7A4F7556}") = "infrastructure", "caseman.role.api\infrastructure\infrastructure.csproj", "{73FFC7CB-FF0D-4801-86F9-98F94EC4E730}"
EndProject
Project("{9A19103F-16F7-4668-BE54-9A1E7A4F7556}") = "RoleControllerTests", "caseman.role.api\RoleControllerTests\RoleControllerTests.csproj", "{A20A99A3-8061-48D7-AFBE-B4A892A45ED0}"
EndProject
Project("{2150E333-8FDC-42A3-9474-1A3956D46DE8}") = "organisation.api", "organisation.api", "{D7753358-B2F5-4321-BACD-54C686A228B4}"
EndProject
Project("{9A19103F-16F7-4668-BE54-9A1E7A4F7556}") = "caseman.organisation.api", "caseman.organisation.api\caseman.organisation.api\caseman.organisation.api.csproj", "{7836005B-B84D-4C33-833E-004B10FBB780}"
EndProject
Project("{9A19103F-16F7-4668-BE54-9A1E7A4F7556}") = "infrastructure", "caseman.organisation.api\infrastructure\infrastructure.csproj", "{6991AE7C-1362-4F8D-B1D2-D784FD1B814E}"
EndProject
Project("{9A19103F-16F7-4668-BE54-9A1E7A4F7556}") = "core", "caseman.organisation.api\core\core.csproj", "{EC2C8547-1936-4D1A-8214-D2ACF1835611}"
EndProject
Project("{9A19103F-16F7-4668-BE54-9A1E7A4F7556}") = "OrganisationControllerTests", "caseman.organisation.api\OrganisationControllerTests\OrganisationControllerTests.csproj", "{35AC129B-0988-403B-91B5-822EAE75E2C5}"
EndProject
Project("{9A19103F-16F7-4668-BE54-9A1E7A4F7556}") = "caseman.gateway.api", "caseman.gateway.api\caseman.gateway.api\caseman.gateway.api.csproj", "{05004467-DA18-457E-A0C5-195F9B51E463}"
EndProject
Global
	GlobalSection(SolutionConfigurationPlatforms) = preSolution
		Debug|Any CPU = Debug|Any CPU
		Release|Any CPU = Release|Any CPU
	EndGlobalSection
	GlobalSection(ProjectConfigurationPlatforms) = postSolution
		{16DDC74E-A229-4599-A16B-4BA38CE6B83B}.Debug|Any CPU.ActiveCfg = Debug|Any CPU
		{16DDC74E-A229-4599-A16B-4BA38CE6B83B}.Debug|Any CPU.Build.0 = Debug|Any CPU
		{16DDC74E-A229-4599-A16B-4BA38CE6B83B}.Release|Any CPU.ActiveCfg = Release|Any CPU
		{16DDC74E-A229-4599-A16B-4BA38CE6B83B}.Release|Any CPU.Build.0 = Release|Any CPU
		{F9FDA70F-ABD8-46C1-B724-B39FA297A0D8}.Debug|Any CPU.ActiveCfg = Debug|Any CPU
		{F9FDA70F-ABD8-46C1-B724-B39FA297A0D8}.Debug|Any CPU.Build.0 = Debug|Any CPU
		{F9FDA70F-ABD8-46C1-B724-B39FA297A0D8}.Release|Any CPU.ActiveCfg = Release|Any CPU
		{F9FDA70F-ABD8-46C1-B724-B39FA297A0D8}.Release|Any CPU.Build.0 = Release|Any CPU
		{0AA58DBE-3D22-40F2-B63F-39310413C7B2}.Debug|Any CPU.ActiveCfg = Debug|Any CPU
		{0AA58DBE-3D22-40F2-B63F-39310413C7B2}.Debug|Any CPU.Build.0 = Debug|Any CPU
		{0AA58DBE-3D22-40F2-B63F-39310413C7B2}.Release|Any CPU.ActiveCfg = Release|Any CPU
		{0AA58DBE-3D22-40F2-B63F-39310413C7B2}.Release|Any CPU.Build.0 = Release|Any CPU
		{C6E5E8E2-0B0D-459C-BCE4-24ABC2861595}.Debug|Any CPU.ActiveCfg = Debug|Any CPU
		{C6E5E8E2-0B0D-459C-BCE4-24ABC2861595}.Debug|Any CPU.Build.0 = Debug|Any CPU
		{C6E5E8E2-0B0D-459C-BCE4-24ABC2861595}.Release|Any CPU.ActiveCfg = Release|Any CPU
		{C6E5E8E2-0B0D-459C-BCE4-24ABC2861595}.Release|Any CPU.Build.0 = Release|Any CPU
		{F5C5D043-A7DA-480E-A55D-2FDEC871851A}.Debug|Any CPU.ActiveCfg = Debug|Any CPU
		{F5C5D043-A7DA-480E-A55D-2FDEC871851A}.Debug|Any CPU.Build.0 = Debug|Any CPU
		{F5C5D043-A7DA-480E-A55D-2FDEC871851A}.Release|Any CPU.ActiveCfg = Release|Any CPU
		{F5C5D043-A7DA-480E-A55D-2FDEC871851A}.Release|Any CPU.Build.0 = Release|Any CPU
		{73FFC7CB-FF0D-4801-86F9-98F94EC4E730}.Debug|Any CPU.ActiveCfg = Debug|Any CPU
		{73FFC7CB-FF0D-4801-86F9-98F94EC4E730}.Debug|Any CPU.Build.0 = Debug|Any CPU
		{73FFC7CB-FF0D-4801-86F9-98F94EC4E730}.Release|Any CPU.ActiveCfg = Release|Any CPU
		{73FFC7CB-FF0D-4801-86F9-98F94EC4E730}.Release|Any CPU.Build.0 = Release|Any CPU
		{A20A99A3-8061-48D7-AFBE-B4A892A45ED0}.Debug|Any CPU.ActiveCfg = Debug|Any CPU
		{A20A99A3-8061-48D7-AFBE-B4A892A45ED0}.Debug|Any CPU.Build.0 = Debug|Any CPU
		{A20A99A3-8061-48D7-AFBE-B4A892A45ED0}.Release|Any CPU.ActiveCfg = Release|Any CPU
		{A20A99A3-8061-48D7-AFBE-B4A892A45ED0}.Release|Any CPU.Build.0 = Release|Any CPU
		{7836005B-B84D-4C33-833E-004B10FBB780}.Debug|Any CPU.ActiveCfg = Debug|Any CPU
		{7836005B-B84D-4C33-833E-004B10FBB780}.Debug|Any CPU.Build.0 = Debug|Any CPU
		{7836005B-B84D-4C33-833E-004B10FBB780}.Release|Any CPU.ActiveCfg = Release|Any CPU
		{7836005B-B84D-4C33-833E-004B10FBB780}.Release|Any CPU.Build.0 = Release|Any CPU
		{6991AE7C-1362-4F8D-B1D2-D784FD1B814E}.Debug|Any CPU.ActiveCfg = Debug|Any CPU
		{6991AE7C-1362-4F8D-B1D2-D784FD1B814E}.Debug|Any CPU.Build.0 = Debug|Any CPU
		{6991AE7C-1362-4F8D-B1D2-D784FD1B814E}.Release|Any CPU.ActiveCfg = Release|Any CPU
		{6991AE7C-1362-4F8D-B1D2-D784FD1B814E}.Release|Any CPU.Build.0 = Release|Any CPU
		{EC2C8547-1936-4D1A-8214-D2ACF1835611}.Debug|Any CPU.ActiveCfg = Debug|Any CPU
		{EC2C8547-1936-4D1A-8214-D2ACF1835611}.Debug|Any CPU.Build.0 = Debug|Any CPU
		{EC2C8547-1936-4D1A-8214-D2ACF1835611}.Release|Any CPU.ActiveCfg = Release|Any CPU
		{EC2C8547-1936-4D1A-8214-D2ACF1835611}.Release|Any CPU.Build.0 = Release|Any CPU
		{35AC129B-0988-403B-91B5-822EAE75E2C5}.Debug|Any CPU.ActiveCfg = Debug|Any CPU
		{35AC129B-0988-403B-91B5-822EAE75E2C5}.Debug|Any CPU.Build.0 = Debug|Any CPU
		{35AC129B-0988-403B-91B5-822EAE75E2C5}.Release|Any CPU.ActiveCfg = Release|Any CPU
		{35AC129B-0988-403B-91B5-822EAE75E2C5}.Release|Any CPU.Build.0 = Release|Any CPU
		{05004467-DA18-457E-A0C5-195F9B51E463}.Debug|Any CPU.ActiveCfg = Debug|Any CPU
		{05004467-DA18-457E-A0C5-195F9B51E463}.Debug|Any CPU.Build.0 = Debug|Any CPU
		{05004467-DA18-457E-A0C5-195F9B51E463}.Release|Any CPU.ActiveCfg = Release|Any CPU
		{05004467-DA18-457E-A0C5-195F9B51E463}.Release|Any CPU.Build.0 = Release|Any CPU
	EndGlobalSection
	GlobalSection(SolutionProperties) = preSolution
		HideSolutionNode = FALSE
	EndGlobalSection
	GlobalSection(NestedProjects) = preSolution
		{16DDC74E-A229-4599-A16B-4BA38CE6B83B} = {DFE9481D-A28A-484B-A339-F2A547263C6A}
		{F9FDA70F-ABD8-46C1-B724-B39FA297A0D8} = {DFE9481D-A28A-484B-A339-F2A547263C6A}
		{0AA58DBE-3D22-40F2-B63F-39310413C7B2} = {DFE9481D-A28A-484B-A339-F2A547263C6A}
		{C6E5E8E2-0B0D-459C-BCE4-24ABC2861595} = {B42FC29C-F706-422A-BD62-5EAC6F274D47}
		{F5C5D043-A7DA-480E-A55D-2FDEC871851A} = {B42FC29C-F706-422A-BD62-5EAC6F274D47}
		{73FFC7CB-FF0D-4801-86F9-98F94EC4E730} = {B42FC29C-F706-422A-BD62-5EAC6F274D47}
		{A20A99A3-8061-48D7-AFBE-B4A892A45ED0} = {B42FC29C-F706-422A-BD62-5EAC6F274D47}
		{7836005B-B84D-4C33-833E-004B10FBB780} = {D7753358-B2F5-4321-BACD-54C686A228B4}
		{6991AE7C-1362-4F8D-B1D2-D784FD1B814E} = {D7753358-B2F5-4321-BACD-54C686A228B4}
		{EC2C8547-1936-4D1A-8214-D2ACF1835611} = {D7753358-B2F5-4321-BACD-54C686A228B4}
		{35AC129B-0988-403B-91B5-822EAE75E2C5} = {D7753358-B2F5-4321-BACD-54C686A228B4}
	EndGlobalSection
	GlobalSection(ExtensibilityGlobals) = postSolution
		SolutionGuid = {9D361A99-DBC2-4410-9F68-C53535A8BB16}
	EndGlobalSection
EndGlobal
